
Microsoft Visual Studio Solution File, Format Version 12.00
# Visual Studio Version 17
VisualStudioVersion = 17.8.34004.107
MinimumVisualStudioVersion = 10.0.40219.1
Project("{9A19103F-16F7-4668-BE54-9A1E7A4F7556}") = "Slide", "Slide.csproj", "{292E2238-7645-4A4F-8939-6309A5354382}"
EndProject
Project("{FAE04EC0-301F-11D3-BF4B-00C04F79EFBC}") = "SlideTest", "..\..\SlideTest\SlideTest.csproj", "{BE3A7F5A-CB30-4016-883C-C53F4EEA705B}"
EndProject
Global
	GlobalSection(SolutionConfigurationPlatforms) = preSolution
		Debug|Any CPU = Debug|Any CPU
		Release|Any CPU = Release|Any CPU
	EndGlobalSection
	GlobalSection(ProjectConfigurationPlatforms) = postSolution
		{292E2238-7645-4A4F-8939-6309A5354382}.Debug|Any CPU.ActiveCfg = Debug|Any CPU
		{292E2238-7645-4A4F-8939-6309A5354382}.Debug|Any CPU.Build.0 = Debug|Any CPU
		{292E2238-7645-4A4F-8939-6309A5354382}.Release|Any CPU.ActiveCfg = Release|Any CPU
		{292E2238-7645-4A4F-8939-6309A5354382}.Release|Any CPU.Build.0 = Release|Any CPU
		{BE3A7F5A-CB30-4016-883C-C53F4EEA705B}.Debug|Any CPU.ActiveCfg = Debug|Any CPU
		{BE3A7F5A-CB30-4016-883C-C53F4EEA705B}.Debug|Any CPU.Build.0 = Debug|Any CPU
		{BE3A7F5A-CB30-4016-883C-C53F4EEA705B}.Release|Any CPU.ActiveCfg = Release|Any CPU
		{BE3A7F5A-CB30-4016-883C-C53F4EEA705B}.Release|Any CPU.Build.0 = Release|Any CPU
	EndGlobalSection
	GlobalSection(SolutionProperties) = preSolution
		HideSolutionNode = FALSE
	EndGlobalSection
	GlobalSection(ExtensibilityGlobals) = postSolution
		SolutionGuid = {FC038908-5794-4561-8938-BE7294F01B9E}
	EndGlobalSection
EndGlobal
